
Microsoft Visual Studio Solution File, Format Version 12.00
# Visual Studio Version 16
VisualStudioVersion = 16.0.31515.178
MinimumVisualStudioVersion = 10.0.40219.1
Project("{9A19103F-16F7-4668-BE54-9A1E7A4F7556}") = "ClopenDreamCommandLine", "ClopenDreamCommandLine\ClopenDreamCommandLine.csproj", "{6E547D68-B3CB-4814-BA58-5D4564F99415}"
EndProject
Project("{9A19103F-16F7-4668-BE54-9A1E7A4F7556}") = "ClopenAST", "ClopenAST\ClopenAST.csproj", "{3DA8406B-B43B-4084-95AC-1EEA0BF706D7}"
EndProject
Project("{9A19103F-16F7-4668-BE54-9A1E7A4F7556}") = "DMCompiler", "OpenDream\DMCompiler\DMCompiler.csproj", "{BD341850-B5FB-49F1-817F-91F3DCAD3E81}"
EndProject
Project("{9A19103F-16F7-4668-BE54-9A1E7A4F7556}") = "OpenDreamShared", "OpenDream\OpenDreamShared\OpenDreamShared.csproj", "{1E7A8312-BA9C-4954-AB94-2806CB7ADEA3}"
EndProject
Global
	GlobalSection(SolutionConfigurationPlatforms) = preSolution
		Debug|Any CPU = Debug|Any CPU
		Release|Any CPU = Release|Any CPU
	EndGlobalSection
	GlobalSection(ProjectConfigurationPlatforms) = postSolution
		{6E547D68-B3CB-4814-BA58-5D4564F99415}.Debug|Any CPU.ActiveCfg = Debug|Any CPU
		{6E547D68-B3CB-4814-BA58-5D4564F99415}.Debug|Any CPU.Build.0 = Debug|Any CPU
		{6E547D68-B3CB-4814-BA58-5D4564F99415}.Release|Any CPU.ActiveCfg = Release|Any CPU
		{6E547D68-B3CB-4814-BA58-5D4564F99415}.Release|Any CPU.Build.0 = Release|Any CPU
		{3DA8406B-B43B-4084-95AC-1EEA0BF706D7}.Debug|Any CPU.ActiveCfg = Debug|Any CPU
		{3DA8406B-B43B-4084-95AC-1EEA0BF706D7}.Debug|Any CPU.Build.0 = Debug|Any CPU
		{3DA8406B-B43B-4084-95AC-1EEA0BF706D7}.Release|Any CPU.ActiveCfg = Release|Any CPU
		{3DA8406B-B43B-4084-95AC-1EEA0BF706D7}.Release|Any CPU.Build.0 = Release|Any CPU
		{BD341850-B5FB-49F1-817F-91F3DCAD3E81}.Debug|Any CPU.ActiveCfg = Debug|Any CPU
		{BD341850-B5FB-49F1-817F-91F3DCAD3E81}.Debug|Any CPU.Build.0 = Debug|Any CPU
		{BD341850-B5FB-49F1-817F-91F3DCAD3E81}.Release|Any CPU.ActiveCfg = Release|Any CPU
		{BD341850-B5FB-49F1-817F-91F3DCAD3E81}.Release|Any CPU.Build.0 = Release|Any CPU
		{1E7A8312-BA9C-4954-AB94-2806CB7ADEA3}.Debug|Any CPU.ActiveCfg = Debug|Any CPU
		{1E7A8312-BA9C-4954-AB94-2806CB7ADEA3}.Debug|Any CPU.Build.0 = Debug|Any CPU
		{1E7A8312-BA9C-4954-AB94-2806CB7ADEA3}.Release|Any CPU.ActiveCfg = Release|Any CPU
		{1E7A8312-BA9C-4954-AB94-2806CB7ADEA3}.Release|Any CPU.Build.0 = Release|Any CPU
	EndGlobalSection
	GlobalSection(SolutionProperties) = preSolution
		HideSolutionNode = FALSE
	EndGlobalSection
	GlobalSection(ExtensibilityGlobals) = postSolution
		SolutionGuid = {8AB9A34F-79DD-4B86-9452-FC39D7FCC307}
	EndGlobalSection
EndGlobal
